
Microsoft Visual Studio Solution File, Format Version 12.00
# Visual Studio Version 17
VisualStudioVersion = 17.8.34330.188
MinimumVisualStudioVersion = 10.0.40219.1
Project("{8BC9CEB8-8B4A-11D0-8D11-00A0C91BC942}") = "Lab_1", "programming_langueages\programming_langueages.vcxproj", "{4E8EE701-47D2-499C-A550-D472BE25386A}"
EndProject
Project("{8BC9CEB8-8B4A-11D0-8D11-00A0C91BC942}") = "Lab_2", "Lab_2\Lab_2.vcxproj", "{F71A8817-7C6E-48EB-83AB-8B7E562A4B89}"
EndProject
Project("{8BC9CEB8-8B4A-11D0-8D11-00A0C91BC942}") = "Lab_3", "Lab_3\Lab_3.vcxproj", "{1815BFBA-F810-4788-9C10-204246C3E2CB}"
EndProject
Project("{8BC9CEB8-8B4A-11D0-8D11-00A0C91BC942}") = "Lab_4", "Lab_4\Lab_4.vcxproj", "{4552FF6F-60F5-4117-9A50-37A99182B9D9}"
EndProject
Project("{8BC9CEB8-8B4A-11D0-8D11-00A0C91BC942}") = "Lab_5", "Lab_5\Lab_5.vcxproj", "{90983502-489A-4705-8FC0-9F63AB206DDF}"
EndProject
Project("{8BC9CEB8-8B4A-11D0-8D11-00A0C91BC942}") = "Lab_6", "Lab_6\Lab_6.vcxproj", "{FDDEC031-1746-4E33-B0A5-CC8AFD28792E}"
EndProject
Project("{8BC9CEB8-8B4A-11D0-8D11-00A0C91BC942}") = "SE_Lab_6", "SE_Lab_6\SE_Lab_6.vcxproj", "{A0D0CC92-DD2D-4F30-B73F-D2B1D777B21D}"
EndProject
Project("{8BC9CEB8-8B4A-11D0-8D11-00A0C91BC942}") = "SE_Lab_6L", "SE_Lab_6L\SE_Lab_6L.vcxproj", "{D650F610-1615-426A-B390-C976449BDFAE}"
EndProject
Project("{8BC9CEB8-8B4A-11D0-8D11-00A0C91BC942}") = "SE_Lab_6Ex", "SE_Lab_6Ex\SE_Lab_6Ex.vcxproj", "{B3B2F34F-ECE4-4D4E-93DF-67371C56DC51}"
EndProject
Project("{8BC9CEB8-8B4A-11D0-8D11-00A0C91BC942}") = "SE_Lab7", "Lab_7\Lab_7.vcxproj", "{57BF8FDB-A97F-48C6-925B-781D30858133}"
EndProject
Project("{8BC9CEB8-8B4A-11D0-8D11-00A0C91BC942}") = "SE_Lab8", "SE_Lab8\SE_Lab8.vcxproj", "{4C18E394-2ADA-47F0-BFA6-9089A30ADFF9}"
EndProject
Project("{8BC9CEB8-8B4A-11D0-8D11-00A0C91BC942}") = "SE_Lab9", "SE_Lab9\SE_Lab9.vcxproj", "{1FEFA610-2F50-4120-BB1A-D13120447DB8}"
EndProject
Project("{8BC9CEB8-8B4A-11D0-8D11-00A0C91BC942}") = "SE_Lab10", "SE_Lab10\SE_Lab10.vcxproj", "{21EB3765-3025-49CA-94A1-91B972CAF1B2}"
EndProject
Global
	GlobalSection(SolutionConfigurationPlatforms) = preSolution
		Debug|x64 = Debug|x64
		Debug|x86 = Debug|x86
		Release|x64 = Release|x64
		Release|x86 = Release|x86
	EndGlobalSection
	GlobalSection(ProjectConfigurationPlatforms) = postSolution
		{4E8EE701-47D2-499C-A550-D472BE25386A}.Debug|x64.ActiveCfg = Debug|x64
		{4E8EE701-47D2-499C-A550-D472BE25386A}.Debug|x64.Build.0 = Debug|x64
		{4E8EE701-47D2-499C-A550-D472BE25386A}.Debug|x86.ActiveCfg = Debug|Win32
		{4E8EE701-47D2-499C-A550-D472BE25386A}.Debug|x86.Build.0 = Debug|Win32
		{4E8EE701-47D2-499C-A550-D472BE25386A}.Release|x64.ActiveCfg = Release|x64
		{4E8EE701-47D2-499C-A550-D472BE25386A}.Release|x64.Build.0 = Release|x64
		{4E8EE701-47D2-499C-A550-D472BE25386A}.Release|x86.ActiveCfg = Release|Win32
		{4E8EE701-47D2-499C-A550-D472BE25386A}.Release|x86.Build.0 = Release|Win32
		{F71A8817-7C6E-48EB-83AB-8B7E562A4B89}.Debug|x64.ActiveCfg = Debug|x64
		{F71A8817-7C6E-48EB-83AB-8B7E562A4B89}.Debug|x64.Build.0 = Debug|x64
		{F71A8817-7C6E-48EB-83AB-8B7E562A4B89}.Debug|x86.ActiveCfg = Debug|Win32
		{F71A8817-7C6E-48EB-83AB-8B7E562A4B89}.Debug|x86.Build.0 = Debug|Win32
		{F71A8817-7C6E-48EB-83AB-8B7E562A4B89}.Release|x64.ActiveCfg = Release|x64
		{F71A8817-7C6E-48EB-83AB-8B7E562A4B89}.Release|x64.Build.0 = Release|x64
		{F71A8817-7C6E-48EB-83AB-8B7E562A4B89}.Release|x86.ActiveCfg = Release|Win32
		{F71A8817-7C6E-48EB-83AB-8B7E562A4B89}.Release|x86.Build.0 = Release|Win32
		{1815BFBA-F810-4788-9C10-204246C3E2CB}.Debug|x64.ActiveCfg = Debug|x64
		{1815BFBA-F810-4788-9C10-204246C3E2CB}.Debug|x64.Build.0 = Debug|x64
		{1815BFBA-F810-4788-9C10-204246C3E2CB}.Debug|x86.ActiveCfg = Debug|Win32
		{1815BFBA-F810-4788-9C10-204246C3E2CB}.Debug|x86.Build.0 = Debug|Win32
		{1815BFBA-F810-4788-9C10-204246C3E2CB}.Release|x64.ActiveCfg = Release|x64
		{1815BFBA-F810-4788-9C10-204246C3E2CB}.Release|x64.Build.0 = Release|x64
		{1815BFBA-F810-4788-9C10-204246C3E2CB}.Release|x86.ActiveCfg = Release|Win32
		{1815BFBA-F810-4788-9C10-204246C3E2CB}.Release|x86.Build.0 = Release|Win32
		{4552FF6F-60F5-4117-9A50-37A99182B9D9}.Debug|x64.ActiveCfg = Debug|x64
		{4552FF6F-60F5-4117-9A50-37A99182B9D9}.Debug|x64.Build.0 = Debug|x64
		{4552FF6F-60F5-4117-9A50-37A99182B9D9}.Debug|x86.ActiveCfg = Debug|Win32
		{4552FF6F-60F5-4117-9A50-37A99182B9D9}.Debug|x86.Build.0 = Debug|Win32
		{4552FF6F-60F5-4117-9A50-37A99182B9D9}.Release|x64.ActiveCfg = Release|x64
		{4552FF6F-60F5-4117-9A50-37A99182B9D9}.Release|x64.Build.0 = Release|x64
		{4552FF6F-60F5-4117-9A50-37A99182B9D9}.Release|x86.ActiveCfg = Release|Win32
		{4552FF6F-60F5-4117-9A50-37A99182B9D9}.Release|x86.Build.0 = Release|Win32
		{90983502-489A-4705-8FC0-9F63AB206DDF}.Debug|x64.ActiveCfg = Debug|x64
		{90983502-489A-4705-8FC0-9F63AB206DDF}.Debug|x64.Build.0 = Debug|x64
		{90983502-489A-4705-8FC0-9F63AB206DDF}.Debug|x86.ActiveCfg = Debug|Win32
		{90983502-489A-4705-8FC0-9F63AB206DDF}.Debug|x86.Build.0 = Debug|Win32
		{90983502-489A-4705-8FC0-9F63AB206DDF}.Release|x64.ActiveCfg = Release|x64
		{90983502-489A-4705-8FC0-9F63AB206DDF}.Release|x64.Build.0 = Release|x64
		{90983502-489A-4705-8FC0-9F63AB206DDF}.Release|x86.ActiveCfg = Release|Win32
		{90983502-489A-4705-8FC0-9F63AB206DDF}.Release|x86.Build.0 = Release|Win32
		{FDDEC031-1746-4E33-B0A5-CC8AFD28792E}.Debug|x64.ActiveCfg = Debug|x64
		{FDDEC031-1746-4E33-B0A5-CC8AFD28792E}.Debug|x64.Build.0 = Debug|x64
		{FDDEC031-1746-4E33-B0A5-CC8AFD28792E}.Debug|x86.ActiveCfg = Debug|Win32
		{FDDEC031-1746-4E33-B0A5-CC8AFD28792E}.Debug|x86.Build.0 = Debug|Win32
		{FDDEC031-1746-4E33-B0A5-CC8AFD28792E}.Release|x64.ActiveCfg = Release|x64
		{FDDEC031-1746-4E33-B0A5-CC8AFD28792E}.Release|x64.Build.0 = Release|x64
		{FDDEC031-1746-4E33-B0A5-CC8AFD28792E}.Release|x86.ActiveCfg = Release|Win32
		{FDDEC031-1746-4E33-B0A5-CC8AFD28792E}.Release|x86.Build.0 = Release|Win32
		{A0D0CC92-DD2D-4F30-B73F-D2B1D777B21D}.Debug|x64.ActiveCfg = Debug|x64
		{A0D0CC92-DD2D-4F30-B73F-D2B1D777B21D}.Debug|x64.Build.0 = Debug|x64
		{A0D0CC92-DD2D-4F30-B73F-D2B1D777B21D}.Debug|x86.ActiveCfg = Debug|Win32
		{A0D0CC92-DD2D-4F30-B73F-D2B1D777B21D}.Debug|x86.Build.0 = Debug|Win32
		{A0D0CC92-DD2D-4F30-B73F-D2B1D777B21D}.Release|x64.ActiveCfg = Release|x64
		{A0D0CC92-DD2D-4F30-B73F-D2B1D777B21D}.Release|x64.Build.0 = Release|x64
		{A0D0CC92-DD2D-4F30-B73F-D2B1D777B21D}.Release|x86.ActiveCfg = Release|Win32
		{A0D0CC92-DD2D-4F30-B73F-D2B1D777B21D}.Release|x86.Build.0 = Release|Win32
		{D650F610-1615-426A-B390-C976449BDFAE}.Debug|x64.ActiveCfg = Debug|x64
		{D650F610-1615-426A-B390-C976449BDFAE}.Debug|x64.Build.0 = Debug|x64
		{D650F610-1615-426A-B390-C976449BDFAE}.Debug|x86.ActiveCfg = Debug|Win32
		{D650F610-1615-426A-B390-C976449BDFAE}.Debug|x86.Build.0 = Debug|Win32
		{D650F610-1615-426A-B390-C976449BDFAE}.Release|x64.ActiveCfg = Release|x64
		{D650F610-1615-426A-B390-C976449BDFAE}.Release|x64.Build.0 = Release|x64
		{D650F610-1615-426A-B390-C976449BDFAE}.Release|x86.ActiveCfg = Release|Win32
		{D650F610-1615-426A-B390-C976449BDFAE}.Release|x86.Build.0 = Release|Win32
		{B3B2F34F-ECE4-4D4E-93DF-67371C56DC51}.Debug|x64.ActiveCfg = Debug|x64
		{B3B2F34F-ECE4-4D4E-93DF-67371C56DC51}.Debug|x64.Build.0 = Debug|x64
		{B3B2F34F-ECE4-4D4E-93DF-67371C56DC51}.Debug|x86.ActiveCfg = Debug|Win32
		{B3B2F34F-ECE4-4D4E-93DF-67371C56DC51}.Debug|x86.Build.0 = Debug|Win32
		{B3B2F34F-ECE4-4D4E-93DF-67371C56DC51}.Release|x64.ActiveCfg = Release|x64
		{B3B2F34F-ECE4-4D4E-93DF-67371C56DC51}.Release|x64.Build.0 = Release|x64
		{B3B2F34F-ECE4-4D4E-93DF-67371C56DC51}.Release|x86.ActiveCfg = Release|Win32
		{B3B2F34F-ECE4-4D4E-93DF-67371C56DC51}.Release|x86.Build.0 = Release|Win32
		{57BF8FDB-A97F-48C6-925B-781D30858133}.Debug|x64.ActiveCfg = Debug|x64
		{57BF8FDB-A97F-48C6-925B-781D30858133}.Debug|x64.Build.0 = Debug|x64
		{57BF8FDB-A97F-48C6-925B-781D30858133}.Debug|x86.ActiveCfg = Debug|Win32
		{57BF8FDB-A97F-48C6-925B-781D30858133}.Debug|x86.Build.0 = Debug|Win32
		{57BF8FDB-A97F-48C6-925B-781D30858133}.Release|x64.ActiveCfg = Release|x64
		{57BF8FDB-A97F-48C6-925B-781D30858133}.Release|x64.Build.0 = Release|x64
		{57BF8FDB-A97F-48C6-925B-781D30858133}.Release|x86.ActiveCfg = Release|Win32
		{57BF8FDB-A97F-48C6-925B-781D30858133}.Release|x86.Build.0 = Release|Win32
		{4C18E394-2ADA-47F0-BFA6-9089A30ADFF9}.Debug|x64.ActiveCfg = Debug|x64
		{4C18E394-2ADA-47F0-BFA6-9089A30ADFF9}.Debug|x64.Build.0 = Debug|x64
		{4C18E394-2ADA-47F0-BFA6-9089A30ADFF9}.Debug|x86.ActiveCfg = Debug|Win32
		{4C18E394-2ADA-47F0-BFA6-9089A30ADFF9}.Debug|x86.Build.0 = Debug|Win32
		{4C18E394-2ADA-47F0-BFA6-9089A30ADFF9}.Release|x64.ActiveCfg = Release|x64
		{4C18E394-2ADA-47F0-BFA6-9089A30ADFF9}.Release|x64.Build.0 = Release|x64
		{4C18E394-2ADA-47F0-BFA6-9089A30ADFF9}.Release|x86.ActiveCfg = Release|Win32
		{4C18E394-2ADA-47F0-BFA6-9089A30ADFF9}.Release|x86.Build.0 = Release|Win32
		{1FEFA610-2F50-4120-BB1A-D13120447DB8}.Debug|x64.ActiveCfg = Debug|x64
		{1FEFA610-2F50-4120-BB1A-D13120447DB8}.Debug|x64.Build.0 = Debug|x64
		{1FEFA610-2F50-4120-BB1A-D13120447DB8}.Debug|x86.ActiveCfg = Debug|Win32
		{1FEFA610-2F50-4120-BB1A-D13120447DB8}.Debug|x86.Build.0 = Debug|Win32
		{1FEFA610-2F50-4120-BB1A-D13120447DB8}.Release|x64.ActiveCfg = Release|x64
		{1FEFA610-2F50-4120-BB1A-D13120447DB8}.Release|x64.Build.0 = Release|x64
		{1FEFA610-2F50-4120-BB1A-D13120447DB8}.Release|x86.ActiveCfg = Release|Win32
		{1FEFA610-2F50-4120-BB1A-D13120447DB8}.Release|x86.Build.0 = Release|Win32
		{21EB3765-3025-49CA-94A1-91B972CAF1B2}.Debug|x64.ActiveCfg = Debug|x64
		{21EB3765-3025-49CA-94A1-91B972CAF1B2}.Debug|x64.Build.0 = Debug|x64
		{21EB3765-3025-49CA-94A1-91B972CAF1B2}.Debug|x86.ActiveCfg = Debug|Win32
		{21EB3765-3025-49CA-94A1-91B972CAF1B2}.Debug|x86.Build.0 = Debug|Win32
		{21EB3765-3025-49CA-94A1-91B972CAF1B2}.Release|x64.ActiveCfg = Release|x64
		{21EB3765-3025-49CA-94A1-91B972CAF1B2}.Release|x64.Build.0 = Release|x64
		{21EB3765-3025-49CA-94A1-91B972CAF1B2}.Release|x86.ActiveCfg = Release|Win32
		{21EB3765-3025-49CA-94A1-91B972CAF1B2}.Release|x86.Build.0 = Release|Win32
	EndGlobalSection
	GlobalSection(SolutionProperties) = preSolution
		HideSolutionNode = FALSE
	EndGlobalSection
	GlobalSection(ExtensibilityGlobals) = postSolution
		SolutionGuid = {98176910-F924-46E4-87C3-F094DD825175}
	EndGlobalSection
EndGlobal
